
Microsoft Visual Studio Solution File, Format Version 12.00
# Visual Studio Version 16
VisualStudioVersion = 16.0.30611.23
MinimumVisualStudioVersion = 10.0.40219.1
Project("{FAE04EC0-301F-11D3-BF4B-00C04F79EFBC}") = "GCSandbox.UWP", "GCSandbox\GCSandbox.UWP\GCSandbox.UWP.csproj", "{80431A4B-E701-4349-A9BD-E3825ADC8E84}"
EndProject
Project("{FAE04EC0-301F-11D3-BF4B-00C04F79EFBC}") = "GCSandbox.Android", "GCSandbox\GCSandbox.Android\GCSandbox.Android.csproj", "{8849E9E3-208E-48C1-A692-DDC76AFAAFB2}"
EndProject
Project("{FAE04EC0-301F-11D3-BF4B-00C04F79EFBC}") = "GCSandbox.iOS", "GCSandbox\GCSandbox.iOS\GCSandbox.iOS.csproj", "{1A93D1C9-3D02-428F-A0B0-7517054DF40D}"
EndProject
Project("{FAE04EC0-301F-11D3-BF4B-00C04F79EFBC}") = "GCSandbox", "GCSandbox\GCSandbox\GCSandbox.csproj", "{2420BD8A-D4AD-4878-8266-9CF56F4C951F}"
EndProject
Global
	GlobalSection(SolutionConfigurationPlatforms) = preSolution
		Debug|Any CPU = Debug|Any CPU
		Debug|ARM = Debug|ARM
		Debug|iPhone = Debug|iPhone
		Debug|iPhoneSimulator = Debug|iPhoneSimulator
		Debug|x64 = Debug|x64
		Debug|x86 = Debug|x86
		Release|Any CPU = Release|Any CPU
		Release|ARM = Release|ARM
		Release|iPhone = Release|iPhone
		Release|iPhoneSimulator = Release|iPhoneSimulator
		Release|x64 = Release|x64
		Release|x86 = Release|x86
	EndGlobalSection
	GlobalSection(ProjectConfigurationPlatforms) = postSolution
		{80431A4B-E701-4349-A9BD-E3825ADC8E84}.Debug|Any CPU.ActiveCfg = Debug|x86
		{80431A4B-E701-4349-A9BD-E3825ADC8E84}.Debug|Any CPU.Build.0 = Debug|x86
		{80431A4B-E701-4349-A9BD-E3825ADC8E84}.Debug|Any CPU.Deploy.0 = Debug|x86
		{80431A4B-E701-4349-A9BD-E3825ADC8E84}.Debug|ARM.ActiveCfg = Debug|ARM
		{80431A4B-E701-4349-A9BD-E3825ADC8E84}.Debug|ARM.Build.0 = Debug|ARM
		{80431A4B-E701-4349-A9BD-E3825ADC8E84}.Debug|ARM.Deploy.0 = Debug|ARM
		{80431A4B-E701-4349-A9BD-E3825ADC8E84}.Debug|iPhone.ActiveCfg = Debug|x86
		{80431A4B-E701-4349-A9BD-E3825ADC8E84}.Debug|iPhone.Build.0 = Debug|x86
		{80431A4B-E701-4349-A9BD-E3825ADC8E84}.Debug|iPhone.Deploy.0 = Debug|x86
		{80431A4B-E701-4349-A9BD-E3825ADC8E84}.Debug|iPhoneSimulator.ActiveCfg = Debug|x86
		{80431A4B-E701-4349-A9BD-E3825ADC8E84}.Debug|iPhoneSimulator.Build.0 = Debug|x86
		{80431A4B-E701-4349-A9BD-E3825ADC8E84}.Debug|iPhoneSimulator.Deploy.0 = Debug|x86
		{80431A4B-E701-4349-A9BD-E3825ADC8E84}.Debug|x64.ActiveCfg = Debug|x64
		{80431A4B-E701-4349-A9BD-E3825ADC8E84}.Debug|x64.Build.0 = Debug|x64
		{80431A4B-E701-4349-A9BD-E3825ADC8E84}.Debug|x64.Deploy.0 = Debug|x64
		{80431A4B-E701-4349-A9BD-E3825ADC8E84}.Debug|x86.ActiveCfg = Debug|x86
		{80431A4B-E701-4349-A9BD-E3825ADC8E84}.Debug|x86.Build.0 = Debug|x86
		{80431A4B-E701-4349-A9BD-E3825ADC8E84}.Debug|x86.Deploy.0 = Debug|x86
		{80431A4B-E701-4349-A9BD-E3825ADC8E84}.Release|Any CPU.ActiveCfg = Release|x86
		{80431A4B-E701-4349-A9BD-E3825ADC8E84}.Release|Any CPU.Build.0 = Release|x86
		{80431A4B-E701-4349-A9BD-E3825ADC8E84}.Release|Any CPU.Deploy.0 = Release|x86
		{80431A4B-E701-4349-A9BD-E3825ADC8E84}.Release|ARM.ActiveCfg = Release|ARM
		{80431A4B-E701-4349-A9BD-E3825ADC8E84}.Release|ARM.Build.0 = Release|ARM
		{80431A4B-E701-4349-A9BD-E3825ADC8E84}.Release|ARM.Deploy.0 = Release|ARM
		{80431A4B-E701-4349-A9BD-E3825ADC8E84}.Release|iPhone.ActiveCfg = Release|x86
		{80431A4B-E701-4349-A9BD-E3825ADC8E84}.Release|iPhone.Build.0 = Release|x86
		{80431A4B-E701-4349-A9BD-E3825ADC8E84}.Release|iPhone.Deploy.0 = Release|x86
		{80431A4B-E701-4349-A9BD-E3825ADC8E84}.Release|iPhoneSimulator.ActiveCfg = Release|x86
		{80431A4B-E701-4349-A9BD-E3825ADC8E84}.Release|iPhoneSimulator.Build.0 = Release|x86
		{80431A4B-E701-4349-A9BD-E3825ADC8E84}.Release|iPhoneSimulator.Deploy.0 = Release|x86
		{80431A4B-E701-4349-A9BD-E3825ADC8E84}.Release|x64.ActiveCfg = Release|x64
		{80431A4B-E701-4349-A9BD-E3825ADC8E84}.Release|x64.Build.0 = Release|x64
		{80431A4B-E701-4349-A9BD-E3825ADC8E84}.Release|x64.Deploy.0 = Release|x64
		{80431A4B-E701-4349-A9BD-E3825ADC8E84}.Release|x86.ActiveCfg = Release|x86
		{80431A4B-E701-4349-A9BD-E3825ADC8E84}.Release|x86.Build.0 = Release|x86
		{80431A4B-E701-4349-A9BD-E3825ADC8E84}.Release|x86.Deploy.0 = Release|x86
		{8849E9E3-208E-48C1-A692-DDC76AFAAFB2}.Debug|Any CPU.ActiveCfg = Debug|Any CPU
		{8849E9E3-208E-48C1-A692-DDC76AFAAFB2}.Debug|Any CPU.Build.0 = Debug|Any CPU
		{8849E9E3-208E-48C1-A692-DDC76AFAAFB2}.Debug|Any CPU.Deploy.0 = Debug|Any CPU
		{8849E9E3-208E-48C1-A692-DDC76AFAAFB2}.Debug|ARM.ActiveCfg = Debug|Any CPU
		{8849E9E3-208E-48C1-A692-DDC76AFAAFB2}.Debug|ARM.Build.0 = Debug|Any CPU
		{8849E9E3-208E-48C1-A692-DDC76AFAAFB2}.Debug|ARM.Deploy.0 = Debug|Any CPU
		{8849E9E3-208E-48C1-A692-DDC76AFAAFB2}.Debug|iPhone.ActiveCfg = Debug|Any CPU
		{8849E9E3-208E-48C1-A692-DDC76AFAAFB2}.Debug|iPhone.Build.0 = Debug|Any CPU
		{8849E9E3-208E-48C1-A692-DDC76AFAAFB2}.Debug|iPhone.Deploy.0 = Debug|Any CPU
		{8849E9E3-208E-48C1-A692-DDC76AFAAFB2}.Debug|iPhoneSimulator.ActiveCfg = Debug|Any CPU
		{8849E9E3-208E-48C1-A692-DDC76AFAAFB2}.Debug|iPhoneSimulator.Build.0 = Debug|Any CPU
		{8849E9E3-208E-48C1-A692-DDC76AFAAFB2}.Debug|iPhoneSimulator.Deploy.0 = Debug|Any CPU
		{8849E9E3-208E-48C1-A692-DDC76AFAAFB2}.Debug|x64.ActiveCfg = Debug|Any CPU
		{8849E9E3-208E-48C1-A692-DDC76AFAAFB2}.Debug|x64.Build.0 = Debug|Any CPU
		{8849E9E3-208E-48C1-A692-DDC76AFAAFB2}.Debug|x64.Deploy.0 = Debug|Any CPU
		{8849E9E3-208E-48C1-A692-DDC76AFAAFB2}.Debug|x86.ActiveCfg = Debug|Any CPU
		{8849E9E3-208E-48C1-A692-DDC76AFAAFB2}.Debug|x86.Build.0 = Debug|Any CPU
		{8849E9E3-208E-48C1-A692-DDC76AFAAFB2}.Debug|x86.Deploy.0 = Debug|Any CPU
		{8849E9E3-208E-48C1-A692-DDC76AFAAFB2}.Release|Any CPU.ActiveCfg = Release|Any CPU
		{8849E9E3-208E-48C1-A692-DDC76AFAAFB2}.Release|Any CPU.Build.0 = Release|Any CPU
		{8849E9E3-208E-48C1-A692-DDC76AFAAFB2}.Release|Any CPU.Deploy.0 = Release|Any CPU
		{8849E9E3-208E-48C1-A692-DDC76AFAAFB2}.Release|ARM.ActiveCfg = Release|Any CPU
		{8849E9E3-208E-48C1-A692-DDC76AFAAFB2}.Release|ARM.Build.0 = Release|Any CPU
		{8849E9E3-208E-48C1-A692-DDC76AFAAFB2}.Release|ARM.Deploy.0 = Release|Any CPU
		{8849E9E3-208E-48C1-A692-DDC76AFAAFB2}.Release|iPhone.ActiveCfg = Release|Any CPU
		{8849E9E3-208E-48C1-A692-DDC76AFAAFB2}.Release|iPhone.Build.0 = Release|Any CPU
		{8849E9E3-208E-48C1-A692-DDC76AFAAFB2}.Release|iPhone.Deploy.0 = Release|Any CPU
		{8849E9E3-208E-48C1-A692-DDC76AFAAFB2}.Release|iPhoneSimulator.ActiveCfg = Release|Any CPU
		{8849E9E3-208E-48C1-A692-DDC76AFAAFB2}.Release|iPhoneSimulator.Build.0 = Release|Any CPU
		{8849E9E3-208E-48C1-A692-DDC76AFAAFB2}.Release|iPhoneSimulator.Deploy.0 = Release|Any CPU
		{8849E9E3-208E-48C1-A692-DDC76AFAAFB2}.Release|x64.ActiveCfg = Release|Any CPU
		{8849E9E3-208E-48C1-A692-DDC76AFAAFB2}.Release|x64.Build.0 = Release|Any CPU
		{8849E9E3-208E-48C1-A692-DDC76AFAAFB2}.Release|x64.Deploy.0 = Release|Any CPU
		{8849E9E3-208E-48C1-A692-DDC76AFAAFB2}.Release|x86.ActiveCfg = Release|Any CPU
		{8849E9E3-208E-48C1-A692-DDC76AFAAFB2}.Release|x86.Build.0 = Release|Any CPU
		{8849E9E3-208E-48C1-A692-DDC76AFAAFB2}.Release|x86.Deploy.0 = Release|Any CPU
		{1A93D1C9-3D02-428F-A0B0-7517054DF40D}.Debug|Any CPU.ActiveCfg = Debug|iPhoneSimulator
		{1A93D1C9-3D02-428F-A0B0-7517054DF40D}.Debug|Any CPU.Build.0 = Debug|iPhoneSimulator
		{1A93D1C9-3D02-428F-A0B0-7517054DF40D}.Debug|Any CPU.Deploy.0 = Debug|iPhoneSimulator
		{1A93D1C9-3D02-428F-A0B0-7517054DF40D}.Debug|ARM.ActiveCfg = Debug|iPhone
		{1A93D1C9-3D02-428F-A0B0-7517054DF40D}.Debug|ARM.Build.0 = Debug|iPhone
		{1A93D1C9-3D02-428F-A0B0-7517054DF40D}.Debug|ARM.Deploy.0 = Debug|iPhone
		{1A93D1C9-3D02-428F-A0B0-7517054DF40D}.Debug|iPhone.ActiveCfg = Debug|iPhone
		{1A93D1C9-3D02-428F-A0B0-7517054DF40D}.Debug|iPhone.Build.0 = Debug|iPhone
		{1A93D1C9-3D02-428F-A0B0-7517054DF40D}.Debug|iPhone.Deploy.0 = Debug|iPhone
		{1A93D1C9-3D02-428F-A0B0-7517054DF40D}.Debug|iPhoneSimulator.ActiveCfg = Debug|iPhoneSimulator
		{1A93D1C9-3D02-428F-A0B0-7517054DF40D}.Debug|iPhoneSimulator.Build.0 = Debug|iPhoneSimulator
		{1A93D1C9-3D02-428F-A0B0-7517054DF40D}.Debug|iPhoneSimulator.Deploy.0 = Debug|iPhoneSimulator
		{1A93D1C9-3D02-428F-A0B0-7517054DF40D}.Debug|x64.ActiveCfg = Debug|iPhoneSimulator
		{1A93D1C9-3D02-428F-A0B0-7517054DF40D}.Debug|x64.Build.0 = Debug|iPhoneSimulator
		{1A93D1C9-3D02-428F-A0B0-7517054DF40D}.Debug|x64.Deploy.0 = Debug|iPhoneSimulator
		{1A93D1C9-3D02-428F-A0B0-7517054DF40D}.Debug|x86.ActiveCfg = Debug|iPhoneSimulator
		{1A93D1C9-3D02-428F-A0B0-7517054DF40D}.Debug|x86.Build.0 = Debug|iPhoneSimulator
		{1A93D1C9-3D02-428F-A0B0-7517054DF40D}.Debug|x86.Deploy.0 = Debug|iPhoneSimulator
		{1A93D1C9-3D02-428F-A0B0-7517054DF40D}.Release|Any CPU.ActiveCfg = Release|iPhoneSimulator
		{1A93D1C9-3D02-428F-A0B0-7517054DF40D}.Release|Any CPU.Build.0 = Release|iPhoneSimulator
		{1A93D1C9-3D02-428F-A0B0-7517054DF40D}.Release|Any CPU.Deploy.0 = Release|iPhoneSimulator
		{1A93D1C9-3D02-428F-A0B0-7517054DF40D}.Release|ARM.ActiveCfg = Release|iPhoneSimulator
		{1A93D1C9-3D02-428F-A0B0-7517054DF40D}.Release|ARM.Build.0 = Release|iPhoneSimulator
		{1A93D1C9-3D02-428F-A0B0-7517054DF40D}.Release|ARM.Deploy.0 = Release|iPhoneSimulator
		{1A93D1C9-3D02-428F-A0B0-7517054DF40D}.Release|iPhone.ActiveCfg = Release|iPhone
		{1A93D1C9-3D02-428F-A0B0-7517054DF40D}.Release|iPhone.Build.0 = Release|iPhone
		{1A93D1C9-3D02-428F-A0B0-7517054DF40D}.Release|iPhone.Deploy.0 = Release|iPhone
		{1A93D1C9-3D02-428F-A0B0-7517054DF40D}.Release|iPhoneSimulator.ActiveCfg = Release|iPhoneSimulator
		{1A93D1C9-3D02-428F-A0B0-7517054DF40D}.Release|iPhoneSimulator.Build.0 = Release|iPhoneSimulator
		{1A93D1C9-3D02-428F-A0B0-7517054DF40D}.Release|iPhoneSimulator.Deploy.0 = Release|iPhoneSimulator
		{1A93D1C9-3D02-428F-A0B0-7517054DF40D}.Release|x64.ActiveCfg = Release|iPhoneSimulator
		{1A93D1C9-3D02-428F-A0B0-7517054DF40D}.Release|x64.Build.0 = Release|iPhoneSimulator
		{1A93D1C9-3D02-428F-A0B0-7517054DF40D}.Release|x64.Deploy.0 = Release|iPhoneSimulator
		{1A93D1C9-3D02-428F-A0B0-7517054DF40D}.Release|x86.ActiveCfg = Release|iPhoneSimulator
		{1A93D1C9-3D02-428F-A0B0-7517054DF40D}.Release|x86.Build.0 = Release|iPhoneSimulator
		{1A93D1C9-3D02-428F-A0B0-7517054DF40D}.Release|x86.Deploy.0 = Release|iPhoneSimulator
		{2420BD8A-D4AD-4878-8266-9CF56F4C951F}.Debug|Any CPU.ActiveCfg = Debug|Any CPU
		{2420BD8A-D4AD-4878-8266-9CF56F4C951F}.Debug|Any CPU.Build.0 = Debug|Any CPU
		{2420BD8A-D4AD-4878-8266-9CF56F4C951F}.Debug|Any CPU.Deploy.0 = Debug|Any CPU
		{2420BD8A-D4AD-4878-8266-9CF56F4C951F}.Debug|ARM.ActiveCfg = Debug|Any CPU
		{2420BD8A-D4AD-4878-8266-9CF56F4C951F}.Debug|ARM.Build.0 = Debug|Any CPU
		{2420BD8A-D4AD-4878-8266-9CF56F4C951F}.Debug|ARM.Deploy.0 = Debug|Any CPU
		{2420BD8A-D4AD-4878-8266-9CF56F4C951F}.Debug|iPhone.ActiveCfg = Debug|Any CPU
		{2420BD8A-D4AD-4878-8266-9CF56F4C951F}.Debug|iPhone.Build.0 = Debug|Any CPU
		{2420BD8A-D4AD-4878-8266-9CF56F4C951F}.Debug|iPhone.Deploy.0 = Debug|Any CPU
		{2420BD8A-D4AD-4878-8266-9CF56F4C951F}.Debug|iPhoneSimulator.ActiveCfg = Debug|Any CPU
		{2420BD8A-D4AD-4878-8266-9CF56F4C951F}.Debug|iPhoneSimulator.Build.0 = Debug|Any CPU
		{2420BD8A-D4AD-4878-8266-9CF56F4C951F}.Debug|iPhoneSimulator.Deploy.0 = Debug|Any CPU
		{2420BD8A-D4AD-4878-8266-9CF56F4C951F}.Debug|x64.ActiveCfg = Debug|Any CPU
		{2420BD8A-D4AD-4878-8266-9CF56F4C951F}.Debug|x64.Build.0 = Debug|Any CPU
		{2420BD8A-D4AD-4878-8266-9CF56F4C951F}.Debug|x64.Deploy.0 = Debug|Any CPU
		{2420BD8A-D4AD-4878-8266-9CF56F4C951F}.Debug|x86.ActiveCfg = Debug|Any CPU
		{2420BD8A-D4AD-4878-8266-9CF56F4C951F}.Debug|x86.Build.0 = Debug|Any CPU
		{2420BD8A-D4AD-4878-8266-9CF56F4C951F}.Debug|x86.Deploy.0 = Debug|Any CPU
		{2420BD8A-D4AD-4878-8266-9CF56F4C951F}.Release|Any CPU.ActiveCfg = Release|Any CPU
		{2420BD8A-D4AD-4878-8266-9CF56F4C951F}.Release|Any CPU.Build.0 = Release|Any CPU
		{2420BD8A-D4AD-4878-8266-9CF56F4C951F}.Release|Any CPU.Deploy.0 = Release|Any CPU
		{2420BD8A-D4AD-4878-8266-9CF56F4C951F}.Release|ARM.ActiveCfg = Release|Any CPU
		{2420BD8A-D4AD-4878-8266-9CF56F4C951F}.Release|ARM.Build.0 = Release|Any CPU
		{2420BD8A-D4AD-4878-8266-9CF56F4C951F}.Release|ARM.Deploy.0 = Release|Any CPU
		{2420BD8A-D4AD-4878-8266-9CF56F4C951F}.Release|iPhone.ActiveCfg = Release|Any CPU
		{2420BD8A-D4AD-4878-8266-9CF56F4C951F}.Release|iPhone.Build.0 = Release|Any CPU
		{2420BD8A-D4AD-4878-8266-9CF56F4C951F}.Release|iPhone.Deploy.0 = Release|Any CPU
		{2420BD8A-D4AD-4878-8266-9CF56F4C951F}.Release|iPhoneSimulator.ActiveCfg = Release|Any CPU
		{2420BD8A-D4AD-4878-8266-9CF56F4C951F}.Release|iPhoneSimulator.Build.0 = Release|Any CPU
		{2420BD8A-D4AD-4878-8266-9CF56F4C951F}.Release|iPhoneSimulator.Deploy.0 = Release|Any CPU
		{2420BD8A-D4AD-4878-8266-9CF56F4C951F}.Release|x64.ActiveCfg = Release|Any CPU
		{2420BD8A-D4AD-4878-8266-9CF56F4C951F}.Release|x64.Build.0 = Release|Any CPU
		{2420BD8A-D4AD-4878-8266-9CF56F4C951F}.Release|x64.Deploy.0 = Release|Any CPU
		{2420BD8A-D4AD-4878-8266-9CF56F4C951F}.Release|x86.ActiveCfg = Release|Any CPU
		{2420BD8A-D4AD-4878-8266-9CF56F4C951F}.Release|x86.Build.0 = Release|Any CPU
		{2420BD8A-D4AD-4878-8266-9CF56F4C951F}.Release|x86.Deploy.0 = Release|Any CPU
	EndGlobalSection
	GlobalSection(SolutionProperties) = preSolution
		HideSolutionNode = FALSE
	EndGlobalSection
	GlobalSection(ExtensibilityGlobals) = postSolution
		SolutionGuid = {D37E5B87-8C33-42FD-84A4-98FC9C492ED8}
	EndGlobalSection
EndGlobal
